
Microsoft Visual Studio Solution File, Format Version 12.00
# Visual Studio Version 17
VisualStudioVersion = 17.13.35919.96 d17.13
MinimumVisualStudioVersion = 10.0.40219.1
Project("{FAE04EC0-301F-11D3-BF4B-00C04F79EFBC}") = "TechWalks.API", "TechWalks.API\TechWalks.API.csproj", "{FAF26B33-743F-40EF-A21A-A41B1F6AF589}"
EndProject
Global
	GlobalSection(SolutionConfigurationPlatforms) = preSolution
		Debug|Any CPU = Debug|Any CPU
		Release|Any CPU = Release|Any CPU
	EndGlobalSection
	GlobalSection(ProjectConfigurationPlatforms) = postSolution
		{FAF26B33-743F-40EF-A21A-A41B1F6AF589}.Debug|Any CPU.ActiveCfg = Debug|Any CPU
		{FAF26B33-743F-40EF-A21A-A41B1F6AF589}.Debug|Any CPU.Build.0 = Debug|Any CPU
		{FAF26B33-743F-40EF-A21A-A41B1F6AF589}.Release|Any CPU.ActiveCfg = Release|Any CPU
		{FAF26B33-743F-40EF-A21A-A41B1F6AF589}.Release|Any CPU.Build.0 = Release|Any CPU
	EndGlobalSection
	GlobalSection(SolutionProperties) = preSolution
		HideSolutionNode = FALSE
	EndGlobalSection
	GlobalSection(ExtensibilityGlobals) = postSolution
		SolutionGuid = {6628F218-C3B0-492F-8E00-2510E3AA6169}
	EndGlobalSection
EndGlobal
